{
    "_readme": [
        "This file locks the dependencies of your project to a known state",
        "Read more about it at https://getcomposer.org/doc/01-basic-usage.md#installing-dependencies",
        "This file is @generated automatically"
    ],
    "content-hash": "9c56f425a5279bcda224578504bc68f3",
    "packages": [
        {
            "name": "arakne/php-map-parser",
            "version": "v0.1.2",
            "source": {
                "type": "git",
                "url": "https://github.com/Arakne/php-map-parser.git",
                "reference": "a04031190b15406631b32534868b1164b2c54d2d"
            },
            "dist": {
                "type": "zip",
                "url": "https://api.github.com/repos/Arakne/php-map-parser/zipball/a04031190b15406631b32534868b1164b2c54d2d",
                "reference": "a04031190b15406631b32534868b1164b2c54d2d",
                "shasum": ""
            },
            "require": {
                "arakne/swf": "~0.3",
                "ext-gd": "*",
                "ext-imagick": "*",
                "php": "~8.4"
            },
            "require-dev": {
                "php-cs-fixer/shim": "^3.87",
                "phpstan/phpstan": "^2.1",
                "phpunit/phpunit": "~12.0"
            },
            "type": "library",
            "autoload": {
                "psr-4": {
                    "Arakne\\MapParser\\": "src"
                }
            },
            "notification-url": "https://packagist.org/downloads/",
            "license": [
                "LGPL-3.0-or-later"
            ],
            "authors": [
                {
                    "name": "Vincent Quatrevieux",
                    "email": "quatrevieux.vincent@gmail.com"
                }
            ],
            "description": "Parser and renderer for Dofus maps, in PHP",
            "support": {
                "issues": "https://github.com/Arakne/php-map-parser/issues",
                "source": "https://github.com/Arakne/php-map-parser/tree/v0.1.2"
            },
            "time": "2025-12-27T13:34:03+00:00"
        },
        {
            "name": "arakne/swf",
            "version": "v0.5.3",
            "source": {
                "type": "git",
                "url": "https://github.com/Arakne/ArakneSwf.git",
                "reference": "2d500839e362568adb354408d64107c1b87ca5c8"
            },
            "dist": {
                "type": "zip",
                "url": "https://api.github.com/repos/Arakne/ArakneSwf/zipball/2d500839e362568adb354408d64107c1b87ca5c8",
                "reference": "2d500839e362568adb354408d64107c1b87ca5c8",
                "shasum": ""
            },
            "require": {
                "php-64bit": "~8.4"
            },
            "require-dev": {
                "friendsofphp/php-cs-fixer": "^3.62",
                "php-cs-fixer/shim": "^3.82.1",
                "phpstan/phpstan": "^2.1",
                "phpunit/phpunit": "~10.5",
                "sapientpro/image-comparator": "^1.2"
            },
            "bin": [
                "bin/swf-extract"
            ],
            "type": "library",
            "autoload": {
                "psr-4": {
                    "Arakne\\Swf\\": "src/"
                }
            },
            "notification-url": "https://packagist.org/downloads/",
            "license": [
                "LGPL-3.0-or-later"
            ],
            "authors": [
                {
                    "name": "Vincent QUATREVIEUX",
                    "email": "quatrevieux.vincent@gmail.com"
                }
            ],
            "description": "SWF parsing and extraction library",
            "keywords": [
                "flash",
                "svg",
                "swf"
            ],
            "support": {
                "issues": "https://github.com/Arakne/ArakneSwf/issues",
                "source": "https://github.com/Arakne/ArakneSwf/tree/v0.5.3"
            },
            "time": "2026-01-25T18:45:28+00:00"
        }
    ],
    "packages-dev": [],
    "aliases": [],
    "minimum-stability": "stable",
    "stability-flags": {},
    "prefer-stable": false,
    "prefer-lowest": false,
    "platform": {},
    "platform-dev": {},
    "plugin-api-version": "2.9.0"
}
